
Microsoft Visual Studio Solution File, Format Version 12.00
# Visual Studio Version 17
VisualStudioVersion = 17.13.35913.81 d17.13
MinimumVisualStudioVersion = 10.0.40219.1
Project("{FAE04EC0-301F-11D3-BF4B-00C04F79EFBC}") = "Store_Management_WPF-App", "Store_Management_WPF-App\Store_Management_WPF-App.csproj", "{DDB3DE69-F01D-41EC-ADB9-EF83558B9605}"
EndProject
Global
	GlobalSection(SolutionConfigurationPlatforms) = preSolution
		Debug|Any CPU = Debug|Any CPU
		Release|Any CPU = Release|Any CPU
	EndGlobalSection
	GlobalSection(ProjectConfigurationPlatforms) = postSolution
		{DDB3DE69-F01D-41EC-ADB9-EF83558B9605}.Debug|Any CPU.ActiveCfg = Debug|Any CPU
		{DDB3DE69-F01D-41EC-ADB9-EF83558B9605}.Debug|Any CPU.Build.0 = Debug|Any CPU
		{DDB3DE69-F01D-41EC-ADB9-EF83558B9605}.Release|Any CPU.ActiveCfg = Release|Any CPU
		{DDB3DE69-F01D-41EC-ADB9-EF83558B9605}.Release|Any CPU.Build.0 = Release|Any CPU
	EndGlobalSection
	GlobalSection(SolutionProperties) = preSolution
		HideSolutionNode = FALSE
	EndGlobalSection
	GlobalSection(ExtensibilityGlobals) = postSolution
		SolutionGuid = {6DDE6E54-3E3C-4A6C-9393-A832114CAC3D}
	EndGlobalSection
EndGlobal
